
Microsoft Visual Studio Solution File, Format Version 11.00
# Visual Studio 2010
Project("{FAE04EC0-301F-11D3-BF4B-00C04F79EFBC}") = "Assembly-CSharp", "Assembly-CSharp.csproj", "{A5BF6E66-C8F0-6080-D775-B7879E27C662}"
EndProject
Global
	GlobalSection(SolutionConfigurationPlatforms) = preSolution
		Debug|Any CPU = Debug|Any CPU
		Release|Any CPU = Release|Any CPU
	EndGlobalSection
	GlobalSection(ProjectConfigurationPlatforms) = postSolution
		{A5BF6E66-C8F0-6080-D775-B7879E27C662}.Debug|Any CPU.ActiveCfg = Debug|Any CPU
		{A5BF6E66-C8F0-6080-D775-B7879E27C662}.Debug|Any CPU.Build.0 = Debug|Any CPU
		{A5BF6E66-C8F0-6080-D775-B7879E27C662}.Release|Any CPU.ActiveCfg = Release|Any CPU
		{A5BF6E66-C8F0-6080-D775-B7879E27C662}.Release|Any CPU.Build.0 = Release|Any CPU
	EndGlobalSection
	GlobalSection(SolutionProperties) = preSolution
		HideSolutionNode = FALSE
	EndGlobalSection
EndGlobal
